// !$*UTF8*$!
{
	archiveVersion = 1;
	classes = {
	};
	objectVersion = 46;
	objects = {

/* Begin PBXBuildFile section */
		F4FF95D7245B92E800C19C63 /* Smartconfig.swift in Sources */ = {isa = PBXBuildFile; fileRef = F4FF95D6245B92E800C19C63 /* Smartconfig.swift */; };
/* End PBXBuildFile section */

/* Begin PBXCopyFilesBuildPhase section */
		58B511D91A9E6C8500147676 /* CopyFiles */ = {
			isa = PBXCopyFilesBuildPhase;
			buildActionMask = 2147483647;
			dstPath = "include/$(PRODUCT_NAME)";
			dstSubfolderSpec = 16;
			files = (
			);
			runOnlyForDeploymentPostprocessing = 0;
		};
/* End PBXCopyFilesBuildPhase section */

/* Begin PBXFileReference section */
		134814201AA4EA6300B7C361 /* libSmartconfig.a */ = {isa = PBXFileReference; explicitFileType = archive.ar; includeInIndex = 0; path = libSmartconfig.a; sourceTree = BUILT_PRODUCTS_DIR; };
		B3E7B5891CC2AC0600A0062D /* Smartconfig.m */ = {isa = PBXFileReference; fileEncoding = 4; lastKnownFileType = sourcecode.c.objc; path = Smartconfig.m; sourceTree = "<group>"; };
		B99E0F1626107F7F00ABF6B8 /* ESP_WifiUtil.m */ = {isa = PBXFileReference; lastKnownFileType = sourcecode.c.objc; path = ESP_WifiUtil.m; sourceTree = "<group>"; };
		B99E0F1726107F7F00ABF6B8 /* ESPUDPSocketClient.h */ = {isa = PBXFileReference; lastKnownFileType = sourcecode.c.h; path = ESPUDPSocketClient.h; sourceTree = "<group>"; };
		B99E0F1826107F7F00ABF6B8 /* ESP_WifiUtil.h */ = {isa = PBXFileReference; lastKnownFileType = sourcecode.c.h; path = ESP_WifiUtil.h; sourceTree = "<group>"; };
		B99E0F1926107F7F00ABF6B8 /* ESPVersionMacro.h */ = {isa = PBXFileReference; lastKnownFileType = sourcecode.c.h; path = ESPVersionMacro.h; sourceTree = "<group>"; };
		B99E0F1A26107F7F00ABF6B8 /* ESPTouchTask.m */ = {isa = PBXFileReference; lastKnownFileType = sourcecode.c.objc; path = ESPTouchTask.m; sourceTree = "<group>"; };
		B99E0F1B26107F7F00ABF6B8 /* ESPTouchTask.h */ = {isa = PBXFileReference; lastKnownFileType = sourcecode.c.h; path = ESPTouchTask.h; sourceTree = "<group>"; };
		B99E0F1D26107F7F00ABF6B8 /* ESPTouchTaskParameter.m */ = {isa = PBXFileReference; lastKnownFileType = sourcecode.c.objc; path = ESPTouchTaskParameter.m; sourceTree = "<group>"; };
		B99E0F1E26107F7F00ABF6B8 /* ESP_NetUtil.h */ = {isa = PBXFileReference; lastKnownFileType = sourcecode.c.h; path = ESP_NetUtil.h; sourceTree = "<group>"; };
		B99E0F1F26107F7F00ABF6B8 /* ESPTouchDelegate.h */ = {isa = PBXFileReference; lastKnownFileType = sourcecode.c.h; path = ESPTouchDelegate.h; sourceTree = "<group>"; };
		B99E0F2026107F7F00ABF6B8 /* ESPDataCode.m */ = {isa = PBXFileReference; lastKnownFileType = sourcecode.c.objc; path = ESPDataCode.m; sourceTree = "<group>"; };
		B99E0F2126107F7F00ABF6B8 /* Smartconfig.h */ = {isa = PBXFileReference; lastKnownFileType = sourcecode.c.h; path = Smartconfig.h; sourceTree = "<group>"; };
		B99E0F2226107F7F00ABF6B8 /* ESPUDPSocketServer.h */ = {isa = PBXFileReference; lastKnownFileType = sourcecode.c.h; path = ESPUDPSocketServer.h; sourceTree = "<group>"; };
		B99E0F2326107F8000ABF6B8 /* ESP_NetUtil.m */ = {isa = PBXFileReference; lastKnownFileType = sourcecode.c.objc; path = ESP_NetUtil.m; sourceTree = "<group>"; };
		B99E0F2426107F8000ABF6B8 /* ESPViewController.h */ = {isa = PBXFileReference; lastKnownFileType = sourcecode.c.h; path = ESPViewController.h; sourceTree = "<group>"; };
		B99E0F2526107F8000ABF6B8 /* ESPAppDelegate.m */ = {isa = PBXFileReference; lastKnownFileType = sourcecode.c.objc; path = ESPAppDelegate.m; sourceTree = "<group>"; };
		B99E0F2626107F8000ABF6B8 /* ESPTouchResult.h */ = {isa = PBXFileReference; lastKnownFileType = sourcecode.c.h; path = ESPTouchResult.h; sourceTree = "<group>"; };
		B99E0F2726107F8000ABF6B8 /* ESPGuideCode.m */ = {isa = PBXFileReference; lastKnownFileType = sourcecode.c.objc; path = ESPGuideCode.m; sourceTree = "<group>"; };
		B99E0F2826107F8000ABF6B8 /* IPAddress.h */ = {isa = PBXFileReference; lastKnownFileType = sourcecode.c.h; path = IPAddress.h; sourceTree = "<group>"; };
		B99E0F2926107F8000ABF6B8 /* ESPGuideCode.h */ = {isa = PBXFileReference; lastKnownFileType = sourcecode.c.h; path = ESPGuideCode.h; sourceTree = "<group>"; };
		B99E0F2A26107F8000ABF6B8 /* ESPUDPSocketServer.m */ = {isa = PBXFileReference; lastKnownFileType = sourcecode.c.objc; path = ESPUDPSocketServer.m; sourceTree = "<group>"; };
		B99E0F2B26107F8000ABF6B8 /* EspTouchDemo-Info.plist */ = {isa = PBXFileReference; lastKnownFileType = text.plist.xml; path = "EspTouchDemo-Info.plist"; sourceTree = "<group>"; };
		B99E0F2C26107F8000ABF6B8 /* ESP_ByteUtil.m */ = {isa = PBXFileReference; lastKnownFileType = sourcecode.c.objc; path = ESP_ByteUtil.m; sourceTree = "<group>"; };
		B99E0F2D26107F8000ABF6B8 /* ESPTouchGenerator.h */ = {isa = PBXFileReference; lastKnownFileType = sourcecode.c.h; path = ESPTouchGenerator.h; sourceTree = "<group>"; };
		B99E0F2E26107F8000ABF6B8 /* EspTouchDemo-Prefix.pch */ = {isa = PBXFileReference; lastKnownFileType = sourcecode.c.h; path = "EspTouchDemo-Prefix.pch"; sourceTree = "<group>"; };
		B99E0F2F26107F8000ABF6B8 /* ESP_ByteUtil.h */ = {isa = PBXFileReference; lastKnownFileType = sourcecode.c.h; path = ESP_ByteUtil.h; sourceTree = "<group>"; };
		B99E0F3026107F8000ABF6B8 /* ESPTouchResult.m */ = {isa = PBXFileReference; lastKnownFileType = sourcecode.c.objc; path = ESPTouchResult.m; sourceTree = "<group>"; };
		B99E0F3126107F8000ABF6B8 /* ESPDatumCode.h */ = {isa = PBXFileReference; lastKnownFileType = sourcecode.c.h; path = ESPDatumCode.h; sourceTree = "<group>"; };
		B99E0F3226107F8000ABF6B8 /* ESP_CRC8.h */ = {isa = PBXFileReference; lastKnownFileType = sourcecode.c.h; path = ESP_CRC8.h; sourceTree = "<group>"; };
		B99E0F3326107F8000ABF6B8 /* ESPTouchTaskParameter.h */ = {isa = PBXFileReference; lastKnownFileType = sourcecode.c.h; path = ESPTouchTaskParameter.h; sourceTree = "<group>"; };
		B99E0F3426107F8000ABF6B8 /* ESP_CRC8.m */ = {isa = PBXFileReference; lastKnownFileType = sourcecode.c.objc; path = ESP_CRC8.m; sourceTree = "<group>"; };
		B99E0F3526107F8000ABF6B8 /* ESPUDPSocketClient.m */ = {isa = PBXFileReference; lastKnownFileType = sourcecode.c.objc; path = ESPUDPSocketClient.m; sourceTree = "<group>"; };
		B99E0F3626107F8000ABF6B8 /* IPAddress.c */ = {isa = PBXFileReference; lastKnownFileType = sourcecode.c.c; path = IPAddress.c; sourceTree = "<group>"; };
		B99E0F3726107F8000ABF6B8 /* ESPDatumCode.m */ = {isa = PBXFileReference; lastKnownFileType = sourcecode.c.objc; path = ESPDatumCode.m; sourceTree = "<group>"; };
		B99E0F3826107F8000ABF6B8 /* ESPDataCode.h */ = {isa = PBXFileReference; lastKnownFileType = sourcecode.c.h; path = ESPDataCode.h; sourceTree = "<group>"; };
		B99E0F3926107F8000ABF6B8 /* ESPTouchGenerator.m */ = {isa = PBXFileReference; lastKnownFileType = sourcecode.c.objc; path = ESPTouchGenerator.m; sourceTree = "<group>"; };
		B99E0F3A26107F8000ABF6B8 /* ESPAppDelegate.h */ = {isa = PBXFileReference; lastKnownFileType = sourcecode.c.h; path = ESPAppDelegate.h; sourceTree = "<group>"; };
		F4FF95D5245B92E700C19C63 /* Smartconfig-Bridging-Header.h */ = {isa = PBXFileReference; lastKnownFileType = sourcecode.c.h; path = "Smartconfig-Bridging-Header.h"; sourceTree = "<group>"; };
		F4FF95D6245B92E800C19C63 /* Smartconfig.swift */ = {isa = PBXFileReference; lastKnownFileType = sourcecode.swift; path = Smartconfig.swift; sourceTree = "<group>"; };
/* End PBXFileReference section */

/* Begin PBXFrameworksBuildPhase section */
		58B511D81A9E6C8500147676 /* Frameworks */ = {
			isa = PBXFrameworksBuildPhase;
			buildActionMask = 2147483647;
			files = (
			);
			runOnlyForDeploymentPostprocessing = 0;
		};
/* End PBXFrameworksBuildPhase section */

/* Begin PBXGroup section */
		134814211AA4EA7D00B7C361 /* Products */ = {
			isa = PBXGroup;
			children = (
				134814201AA4EA6300B7C361 /* libSmartconfig.a */,
			);
			name = Products;
			sourceTree = "<group>";
		};
		58B511D21A9E6C8500147676 = {
			isa = PBXGroup;
			children = (
				B99E0F2F26107F8000ABF6B8 /* ESP_ByteUtil.h */,
				B99E0F2C26107F8000ABF6B8 /* ESP_ByteUtil.m */,
				B99E0F3226107F8000ABF6B8 /* ESP_CRC8.h */,
				B99E0F3426107F8000ABF6B8 /* ESP_CRC8.m */,
				B99E0F1E26107F7F00ABF6B8 /* ESP_NetUtil.h */,
				B99E0F2326107F8000ABF6B8 /* ESP_NetUtil.m */,
				B99E0F1826107F7F00ABF6B8 /* ESP_WifiUtil.h */,
				B99E0F1626107F7F00ABF6B8 /* ESP_WifiUtil.m */,
				B99E0F3A26107F8000ABF6B8 /* ESPAppDelegate.h */,
				B99E0F2526107F8000ABF6B8 /* ESPAppDelegate.m */,
				B99E0F3826107F8000ABF6B8 /* ESPDataCode.h */,
				B99E0F2026107F7F00ABF6B8 /* ESPDataCode.m */,
				B99E0F3126107F8000ABF6B8 /* ESPDatumCode.h */,
				B99E0F3726107F8000ABF6B8 /* ESPDatumCode.m */,
				B99E0F2926107F8000ABF6B8 /* ESPGuideCode.h */,
				B99E0F2726107F8000ABF6B8 /* ESPGuideCode.m */,
				B99E0F1F26107F7F00ABF6B8 /* ESPTouchDelegate.h */,
				B99E0F2B26107F8000ABF6B8 /* EspTouchDemo-Info.plist */,
				B99E0F2E26107F8000ABF6B8 /* EspTouchDemo-Prefix.pch */,
				B99E0F2D26107F8000ABF6B8 /* ESPTouchGenerator.h */,
				B99E0F3926107F8000ABF6B8 /* ESPTouchGenerator.m */,
				B99E0F2626107F8000ABF6B8 /* ESPTouchResult.h */,
				B99E0F3026107F8000ABF6B8 /* ESPTouchResult.m */,
				B99E0F1B26107F7F00ABF6B8 /* ESPTouchTask.h */,
				B99E0F1A26107F7F00ABF6B8 /* ESPTouchTask.m */,
				B99E0F3326107F8000ABF6B8 /* ESPTouchTaskParameter.h */,
				B99E0F1D26107F7F00ABF6B8 /* ESPTouchTaskParameter.m */,
				B99E0F1726107F7F00ABF6B8 /* ESPUDPSocketClient.h */,
				B99E0F3526107F8000ABF6B8 /* ESPUDPSocketClient.m */,
				B99E0F2226107F7F00ABF6B8 /* ESPUDPSocketServer.h */,
				B99E0F2A26107F8000ABF6B8 /* ESPUDPSocketServer.m */,
				B99E0F1926107F7F00ABF6B8 /* ESPVersionMacro.h */,
				B99E0F2426107F8000ABF6B8 /* ESPViewController.h */,
				B99E0F3626107F8000ABF6B8 /* IPAddress.c */,
				B99E0F2826107F8000ABF6B8 /* IPAddress.h */,
				B99E0F2126107F7F00ABF6B8 /* Smartconfig.h */,
				F4FF95D6245B92E800C19C63 /* Smartconfig.swift */,
				B3E7B5891CC2AC0600A0062D /* Smartconfig.m */,
				F4FF95D5245B92E700C19C63 /* Smartconfig-Bridging-Header.h */,
				134814211AA4EA7D00B7C361 /* Products */,
			);
			sourceTree = "<group>";
		};
/* End PBXGroup section */

/* Begin PBXNativeTarget section */
		58B511DA1A9E6C8500147676 /* Smartconfig */ = {
			isa = PBXNativeTarget;
			buildConfigurationList = 58B511EF1A9E6C8500147676 /* Build configuration list for PBXNativeTarget "Smartconfig" */;
			buildPhases = (
				58B511D71A9E6C8500147676 /* Sources */,
				58B511D81A9E6C8500147676 /* Frameworks */,
				58B511D91A9E6C8500147676 /* CopyFiles */,
			);
			buildRules = (
			);
			dependencies = (
			);
			name = Smartconfig;
			productName = RCTDataManager;
			productReference = 134814201AA4EA6300B7C361 /* libSmartconfig.a */;
			productType = "com.apple.product-type.library.static";
		};
/* End PBXNativeTarget section */

/* Begin PBXProject section */
		58B511D31A9E6C8500147676 /* Project object */ = {
			isa = PBXProject;
			attributes = {
				LastUpgradeCheck = 0920;
				ORGANIZATIONNAME = Facebook;
				TargetAttributes = {
					58B511DA1A9E6C8500147676 = {
						CreatedOnToolsVersion = 6.1.1;
					};
				};
			};
			buildConfigurationList = 58B511D61A9E6C8500147676 /* Build configuration list for PBXProject "Smartconfig" */;
			compatibilityVersion = "Xcode 3.2";
			developmentRegion = English;
			hasScannedForEncodings = 0;
			knownRegions = (
				English,
				en,
			);
			mainGroup = 58B511D21A9E6C8500147676;
			productRefGroup = 58B511D21A9E6C8500147676;
			projectDirPath = "";
			projectRoot = "";
			targets = (
				58B511DA1A9E6C8500147676 /* Smartconfig */,
			);
		};
/* End PBXProject section */

/* Begin PBXSourcesBuildPhase section */
		58B511D71A9E6C8500147676 /* Sources */ = {
			isa = PBXSourcesBuildPhase;
			buildActionMask = 2147483647;
			files = (
				F4FF95D7245B92E800C19C63 /* Smartconfig.swift in Sources */,
			);
			runOnlyForDeploymentPostprocessing = 0;
		};
/* End PBXSourcesBuildPhase section */

/* Begin XCBuildConfiguration section */
		58B511ED1A9E6C8500147676 /* Debug */ = {
			isa = XCBuildConfiguration;
			buildSettings = {
				ALWAYS_SEARCH_USER_PATHS = NO;
				CLANG_CXX_LANGUAGE_STANDARD = "gnu++0x";
				CLANG_CXX_LIBRARY = "libc++";
				CLANG_ENABLE_MODULES = YES;
				CLANG_ENABLE_OBJC_ARC = YES;
				CLANG_WARN_BLOCK_CAPTURE_AUTORELEASING = YES;
				CLANG_WARN_BOOL_CONVERSION = YES;
				CLANG_WARN_COMMA = YES;
				CLANG_WARN_CONSTANT_CONVERSION = YES;
				CLANG_WARN_DIRECT_OBJC_ISA_USAGE = YES_ERROR;
				CLANG_WARN_EMPTY_BODY = YES;
				CLANG_WARN_ENUM_CONVERSION = YES;
				CLANG_WARN_INFINITE_RECURSION = YES;
				CLANG_WARN_INT_CONVERSION = YES;
				CLANG_WARN_NON_LITERAL_NULL_CONVERSION = YES;
				CLANG_WARN_OBJC_LITERAL_CONVERSION = YES;
				CLANG_WARN_OBJC_ROOT_CLASS = YES_ERROR;
				CLANG_WARN_RANGE_LOOP_ANALYSIS = YES;
				CLANG_WARN_STRICT_PROTOTYPES = YES;
				CLANG_WARN_SUSPICIOUS_MOVE = YES;
				CLANG_WARN_UNREACHABLE_CODE = YES;
				CLANG_WARN__DUPLICATE_METHOD_MATCH = YES;
				COPY_PHASE_STRIP = NO;
				ENABLE_STRICT_OBJC_MSGSEND = YES;
				ENABLE_TESTABILITY = YES;
				GCC_C_LANGUAGE_STANDARD = gnu99;
				GCC_DYNAMIC_NO_PIC = NO;
				GCC_NO_COMMON_BLOCKS = YES;
				GCC_OPTIMIZATION_LEVEL = 0;
				GCC_PREPROCESSOR_DEFINITIONS = (
					"DEBUG=1",
					"$(inherited)",
				);
				GCC_SYMBOLS_PRIVATE_EXTERN = NO;
				GCC_WARN_64_TO_32_BIT_CONVERSION = YES;
				GCC_WARN_ABOUT_RETURN_TYPE = YES_ERROR;
				GCC_WARN_UNDECLARED_SELECTOR = YES;
				GCC_WARN_UNINITIALIZED_AUTOS = YES_AGGRESSIVE;
				GCC_WARN_UNUSED_FUNCTION = YES;
				GCC_WARN_UNUSED_VARIABLE = YES;
				IPHONEOS_DEPLOYMENT_TARGET = 8.0;
				MTL_ENABLE_DEBUG_INFO = YES;
				ONLY_ACTIVE_ARCH = YES;
				SDKROOT = iphoneos;
			};
			name = Debug;
		};
		58B511EE1A9E6C8500147676 /* Release */ = {
			isa = XCBuildConfiguration;
			buildSettings = {
				ALWAYS_SEARCH_USER_PATHS = NO;
				CLANG_CXX_LANGUAGE_STANDARD = "gnu++0x";
				CLANG_CXX_LIBRARY = "libc++";
				CLANG_ENABLE_MODULES = YES;
				CLANG_ENABLE_OBJC_ARC = YES;
				CLANG_WARN_BLOCK_CAPTURE_AUTORELEASING = YES;
				CLANG_WARN_BOOL_CONVERSION = YES;
				CLANG_WARN_COMMA = YES;
				CLANG_WARN_CONSTANT_CONVERSION = YES;
				CLANG_WARN_DIRECT_OBJC_ISA_USAGE = YES_ERROR;
				CLANG_WARN_EMPTY_BODY = YES;
				CLANG_WARN_ENUM_CONVERSION = YES;
				CLANG_WARN_INFINITE_RECURSION = YES;
				CLANG_WARN_INT_CONVERSION = YES;
				CLANG_WARN_NON_LITERAL_NULL_CONVERSION = YES;
				CLANG_WARN_OBJC_LITERAL_CONVERSION = YES;
				CLANG_WARN_OBJC_ROOT_CLASS = YES_ERROR;
				CLANG_WARN_RANGE_LOOP_ANALYSIS = YES;
				CLANG_WARN_STRICT_PROTOTYPES = YES;
				CLANG_WARN_SUSPICIOUS_MOVE = YES;
				CLANG_WARN_UNREACHABLE_CODE = YES;
				CLANG_WARN__DUPLICATE_METHOD_MATCH = YES;
				COPY_PHASE_STRIP = YES;
				ENABLE_NS_ASSERTIONS = NO;
				ENABLE_STRICT_OBJC_MSGSEND = YES;
				GCC_C_LANGUAGE_STANDARD = gnu99;
				GCC_NO_COMMON_BLOCKS = YES;
				GCC_WARN_64_TO_32_BIT_CONVERSION = YES;
				GCC_WARN_ABOUT_RETURN_TYPE = YES_ERROR;
				GCC_WARN_UNDECLARED_SELECTOR = YES;
				GCC_WARN_UNINITIALIZED_AUTOS = YES_AGGRESSIVE;
				GCC_WARN_UNUSED_FUNCTION = YES;
				GCC_WARN_UNUSED_VARIABLE = YES;
				IPHONEOS_DEPLOYMENT_TARGET = 8.0;
				MTL_ENABLE_DEBUG_INFO = NO;
				SDKROOT = iphoneos;
				VALIDATE_PRODUCT = YES;
			};
			name = Release;
		};
		58B511F01A9E6C8500147676 /* Debug */ = {
			isa = XCBuildConfiguration;
			buildSettings = {
				HEADER_SEARCH_PATHS = (
					"$(inherited)",
					/Applications/Xcode.app/Contents/Developer/Toolchains/XcodeDefault.xctoolchain/usr/include,
					"$(SRCROOT)/../../../React/**",
					"$(SRCROOT)/../../react-native/React/**",
				);
				LIBRARY_SEARCH_PATHS = "$(inherited)";
				OTHER_LDFLAGS = "-ObjC";
				PRODUCT_NAME = Smartconfig;
				SKIP_INSTALL = YES;
				SWIFT_OBJC_BRIDGING_HEADER = "Smartconfig-Bridging-Header.h";
				SWIFT_OPTIMIZATION_LEVEL = "-Onone";
				SWIFT_VERSION = 5.0;
			};
			name = Debug;
		};
		58B511F11A9E6C8500147676 /* Release */ = {
			isa = XCBuildConfiguration;
			buildSettings = {
				HEADER_SEARCH_PATHS = (
					"$(inherited)",
					/Applications/Xcode.app/Contents/Developer/Toolchains/XcodeDefault.xctoolchain/usr/include,
					"$(SRCROOT)/../../../React/**",
					"$(SRCROOT)/../../react-native/React/**",
				);
				LIBRARY_SEARCH_PATHS = "$(inherited)";
				OTHER_LDFLAGS = "-ObjC";
				PRODUCT_NAME = Smartconfig;
				SKIP_INSTALL = YES;
				SWIFT_OBJC_BRIDGING_HEADER = "Smartconfig-Bridging-Header.h";
				SWIFT_VERSION = 5.0;
			};
			name = Release;
		};
/* End XCBuildConfiguration section */

/* Begin XCConfigurationList section */
		58B511D61A9E6C8500147676 /* Build configuration list for PBXProject "Smartconfig" */ = {
			isa = XCConfigurationList;
			buildConfigurations = (
				58B511ED1A9E6C8500147676 /* Debug */,
				58B511EE1A9E6C8500147676 /* Release */,
			);
			defaultConfigurationIsVisible = 0;
			defaultConfigurationName = Release;
		};
		58B511EF1A9E6C8500147676 /* Build configuration list for PBXNativeTarget "Smartconfig" */ = {
			isa = XCConfigurationList;
			buildConfigurations = (
				58B511F01A9E6C8500147676 /* Debug */,
				58B511F11A9E6C8500147676 /* Release */,
			);
			defaultConfigurationIsVisible = 0;
			defaultConfigurationName = Release;
		};
/* End XCConfigurationList section */
	};
	rootObject = 58B511D31A9E6C8500147676 /* Project object */;
}
